// !$*UTF8*$!
{
	archiveVersion = 1;
	classes = {
	};
	objectVersion = 56;
	objects = {

/* Begin PBXBuildFile section */
		0D47AB452BB2F05000900218 /* AppDelegate.swift in Sources */ = {isa = PBXBuildFile; fileRef = 0D47AB442BB2F05000900218 /* AppDelegate.swift */; };
		0D47AB472BB2F05000900218 /* SceneDelegate.swift in Sources */ = {isa = PBXBuildFile; fileRef = 0D47AB462BB2F05000900218 /* SceneDelegate.swift */; };
		0D47AB4E2BB2F05100900218 /* Assets.xcassets in Resources */ = {isa = PBXBuildFile; fileRef = 0D47AB4D2BB2F05100900218 /* Assets.xcassets */; };
		0D47AB512BB2F05100900218 /* LaunchScreen.storyboard in Resources */ = {isa = PBXBuildFile; fileRef = 0D47AB4F2BB2F05100900218 /* LaunchScreen.storyboard */; };
		0D47AB592BB2FC6900900218 /* SearchVC.swift in Sources */ = {isa = PBXBuildFile; fileRef = 0D47AB582BB2FC6900900218 /* SearchVC.swift */; };
		0D47AB5B2BB2FCA900900218 /* FavoritesListVC.swift in Sources */ = {isa = PBXBuildFile; fileRef = 0D47AB5A2BB2FCA900900218 /* FavoritesListVC.swift */; };
		0D47AB5D2BB4275F00900218 /* GFButton.swift in Sources */ = {isa = PBXBuildFile; fileRef = 0D47AB5C2BB4275F00900218 /* GFButton.swift */; };
		0D47AB5F2BB42B7600900218 /* GFTextField.swift in Sources */ = {isa = PBXBuildFile; fileRef = 0D47AB5E2BB42B7600900218 /* GFTextField.swift */; };
		0D47AB612BB442E200900218 /* FollewersListVC.swift in Sources */ = {isa = PBXBuildFile; fileRef = 0D47AB602BB442E200900218 /* FollewersListVC.swift */; };
		0D47AB632BB44FD300900218 /* GFTitleLabel.swift in Sources */ = {isa = PBXBuildFile; fileRef = 0D47AB622BB44FD300900218 /* GFTitleLabel.swift */; };
		0D47AB652BB4512700900218 /* GFBodyLabel.swift in Sources */ = {isa = PBXBuildFile; fileRef = 0D47AB642BB4512700900218 /* GFBodyLabel.swift */; };
		0D47AB672BB451EB00900218 /* GFAlertVC.swift in Sources */ = {isa = PBXBuildFile; fileRef = 0D47AB662BB451EB00900218 /* GFAlertVC.swift */; };
		0D47AB692BB4A0B400900218 /* UIViewController+Ext.swift in Sources */ = {isa = PBXBuildFile; fileRef = 0D47AB682BB4A0B400900218 /* UIViewController+Ext.swift */; };
		0D47AB722BB5938300900218 /* Follower.swift in Sources */ = {isa = PBXBuildFile; fileRef = 0D47AB712BB5938300900218 /* Follower.swift */; };
		0D47AB742BB594F100900218 /* User.swift in Sources */ = {isa = PBXBuildFile; fileRef = 0D47AB732BB594F100900218 /* User.swift */; };
		0D47AB772BB5B2C100900218 /* NetworkManager.swift in Sources */ = {isa = PBXBuildFile; fileRef = 0D47AB762BB5B2C100900218 /* NetworkManager.swift */; };
		0D47AB7C2BBAC2BF00900218 /* ErrorMessage.swift in Sources */ = {isa = PBXBuildFile; fileRef = 0D47AB7B2BBAC2BF00900218 /* ErrorMessage.swift */; };
		0D47AB7F2BBADFFC00900218 /* FollowerCell.swift in Sources */ = {isa = PBXBuildFile; fileRef = 0D47AB7E2BBADFFC00900218 /* FollowerCell.swift */; };
		0D47AB812BBAE1AA00900218 /* GFAvatarImageView.swift in Sources */ = {isa = PBXBuildFile; fileRef = 0D47AB802BBAE1AA00900218 /* GFAvatarImageView.swift */; };
/* End PBXBuildFile section */

/* Begin PBXFileReference section */
		0D47AB412BB2F05000900218 /* GHFollowers.app */ = {isa = PBXFileReference; explicitFileType = wrapper.application; includeInIndex = 0; path = GHFollowers.app; sourceTree = BUILT_PRODUCTS_DIR; };
		0D47AB442BB2F05000900218 /* AppDelegate.swift */ = {isa = PBXFileReference; lastKnownFileType = sourcecode.swift; path = AppDelegate.swift; sourceTree = "<group>"; };
		0D47AB462BB2F05000900218 /* SceneDelegate.swift */ = {isa = PBXFileReference; lastKnownFileType = sourcecode.swift; path = SceneDelegate.swift; sourceTree = "<group>"; };
		0D47AB4D2BB2F05100900218 /* Assets.xcassets */ = {isa = PBXFileReference; lastKnownFileType = folder.assetcatalog; path = Assets.xcassets; sourceTree = "<group>"; };
		0D47AB502BB2F05100900218 /* Base */ = {isa = PBXFileReference; lastKnownFileType = file.storyboard; name = Base; path = Base.lproj/LaunchScreen.storyboard; sourceTree = "<group>"; };
		0D47AB522BB2F05100900218 /* Info.plist */ = {isa = PBXFileReference; lastKnownFileType = text.plist.xml; path = Info.plist; sourceTree = "<group>"; };
		0D47AB582BB2FC6900900218 /* SearchVC.swift */ = {isa = PBXFileReference; lastKnownFileType = sourcecode.swift; path = SearchVC.swift; sourceTree = "<group>"; };
		0D47AB5A2BB2FCA900900218 /* FavoritesListVC.swift */ = {isa = PBXFileReference; lastKnownFileType = sourcecode.swift; path = FavoritesListVC.swift; sourceTree = "<group>"; };
		0D47AB5C2BB4275F00900218 /* GFButton.swift */ = {isa = PBXFileReference; lastKnownFileType = sourcecode.swift; path = GFButton.swift; sourceTree = "<group>"; };
		0D47AB5E2BB42B7600900218 /* GFTextField.swift */ = {isa = PBXFileReference; lastKnownFileType = sourcecode.swift; path = GFTextField.swift; sourceTree = "<group>"; };
		0D47AB602BB442E200900218 /* FollewersListVC.swift */ = {isa = PBXFileReference; lastKnownFileType = sourcecode.swift; path = FollewersListVC.swift; sourceTree = "<group>"; };
		0D47AB622BB44FD300900218 /* GFTitleLabel.swift */ = {isa = PBXFileReference; lastKnownFileType = sourcecode.swift; path = GFTitleLabel.swift; sourceTree = "<group>"; };
		0D47AB642BB4512700900218 /* GFBodyLabel.swift */ = {isa = PBXFileReference; lastKnownFileType = sourcecode.swift; path = GFBodyLabel.swift; sourceTree = "<group>"; };
		0D47AB662BB451EB00900218 /* GFAlertVC.swift */ = {isa = PBXFileReference; lastKnownFileType = sourcecode.swift; path = GFAlertVC.swift; sourceTree = "<group>"; };
		0D47AB682BB4A0B400900218 /* UIViewController+Ext.swift */ = {isa = PBXFileReference; lastKnownFileType = sourcecode.swift; path = "UIViewController+Ext.swift"; sourceTree = "<group>"; };
		0D47AB712BB5938300900218 /* Follower.swift */ = {isa = PBXFileReference; lastKnownFileType = sourcecode.swift; path = Follower.swift; sourceTree = "<group>"; };
		0D47AB732BB594F100900218 /* User.swift */ = {isa = PBXFileReference; lastKnownFileType = sourcecode.swift; path = User.swift; sourceTree = "<group>"; };
		0D47AB762BB5B2C100900218 /* NetworkManager.swift */ = {isa = PBXFileReference; lastKnownFileType = sourcecode.swift; path = NetworkManager.swift; sourceTree = "<group>"; };
		0D47AB7B2BBAC2BF00900218 /* ErrorMessage.swift */ = {isa = PBXFileReference; lastKnownFileType = sourcecode.swift; path = ErrorMessage.swift; sourceTree = "<group>"; };
		0D47AB7E2BBADFFC00900218 /* FollowerCell.swift */ = {isa = PBXFileReference; lastKnownFileType = sourcecode.swift; path = FollowerCell.swift; sourceTree = "<group>"; };
		0D47AB802BBAE1AA00900218 /* GFAvatarImageView.swift */ = {isa = PBXFileReference; lastKnownFileType = sourcecode.swift; path = GFAvatarImageView.swift; sourceTree = "<group>"; };
/* End PBXFileReference section */

/* Begin PBXFrameworksBuildPhase section */
		0D47AB3E2BB2F05000900218 /* Frameworks */ = {
			isa = PBXFrameworksBuildPhase;
			buildActionMask = 2147483647;
			files = (
			);
			runOnlyForDeploymentPostprocessing = 0;
		};
/* End PBXFrameworksBuildPhase section */

/* Begin PBXGroup section */
		0D47AB382BB2F04F00900218 = {
			isa = PBXGroup;
			children = (
				0D47AB432BB2F05000900218 /* GHFollowers */,
				0D47AB422BB2F05000900218 /* Products */,
			);
			sourceTree = "<group>";
		};
		0D47AB422BB2F05000900218 /* Products */ = {
			isa = PBXGroup;
			children = (
				0D47AB412BB2F05000900218 /* GHFollowers.app */,
			);
			name = Products;
			sourceTree = "<group>";
		};
		0D47AB432BB2F05000900218 /* GHFollowers */ = {
			isa = PBXGroup;
			children = (
				0D47AB782BBAC27B00900218 /* Utilities */,
				0D47AB752BB5B2A400900218 /* Managers */,
				0D47AB522BB2F05100900218 /* Info.plist */,
				0D47AB6E2BB592BD00900218 /* Model */,
				0D47AB6D2BB4AC1C00900218 /* Support */,
				0D47AB6C2BB4AB9E00900218 /* Extension */,
				0D47AB6B2BB4AB5B00900218 /* Custom Views */,
				0D47AB6A2BB4AB2B00900218 /* Screens */,
			);
			path = GHFollowers;
			sourceTree = "<group>";
		};
		0D47AB6A2BB4AB2B00900218 /* Screens */ = {
			isa = PBXGroup;
			children = (
				0D47AB582BB2FC6900900218 /* SearchVC.swift */,
				0D47AB602BB442E200900218 /* FollewersListVC.swift */,
				0D47AB5A2BB2FCA900900218 /* FavoritesListVC.swift */,
			);
			path = Screens;
			sourceTree = "<group>";
		};
		0D47AB6B2BB4AB5B00900218 /* Custom Views */ = {
			isa = PBXGroup;
			children = (
				0D47AB7D2BBADFB400900218 /* Cells */,
				0D47AB662BB451EB00900218 /* GFAlertVC.swift */,
				0D47AB5C2BB4275F00900218 /* GFButton.swift */,
				0D47AB5E2BB42B7600900218 /* GFTextField.swift */,
				0D47AB622BB44FD300900218 /* GFTitleLabel.swift */,
				0D47AB642BB4512700900218 /* GFBodyLabel.swift */,
				0D47AB802BBAE1AA00900218 /* GFAvatarImageView.swift */,
			);
			path = "Custom Views";
			sourceTree = "<group>";
		};
		0D47AB6C2BB4AB9E00900218 /* Extension */ = {
			isa = PBXGroup;
			children = (
				0D47AB682BB4A0B400900218 /* UIViewController+Ext.swift */,
			);
			path = Extension;
			sourceTree = "<group>";
		};
		0D47AB6D2BB4AC1C00900218 /* Support */ = {
			isa = PBXGroup;
			children = (
				0D47AB442BB2F05000900218 /* AppDelegate.swift */,
				0D47AB462BB2F05000900218 /* SceneDelegate.swift */,
				0D47AB4D2BB2F05100900218 /* Assets.xcassets */,
				0D47AB4F2BB2F05100900218 /* LaunchScreen.storyboard */,
			);
			path = Support;
			sourceTree = "<group>";
		};
		0D47AB6E2BB592BD00900218 /* Model */ = {
			isa = PBXGroup;
			children = (
				0D47AB712BB5938300900218 /* Follower.swift */,
				0D47AB732BB594F100900218 /* User.swift */,
			);
			path = Model;
			sourceTree = "<group>";
		};
		0D47AB752BB5B2A400900218 /* Managers */ = {
			isa = PBXGroup;
			children = (
				0D47AB762BB5B2C100900218 /* NetworkManager.swift */,
			);
			path = Managers;
			sourceTree = "<group>";
		};
		0D47AB782BBAC27B00900218 /* Utilities */ = {
			isa = PBXGroup;
			children = (
				0D47AB7B2BBAC2BF00900218 /* ErrorMessage.swift */,
			);
			path = Utilities;
			sourceTree = "<group>";
		};
		0D47AB7D2BBADFB400900218 /* Cells */ = {
			isa = PBXGroup;
			children = (
				0D47AB7E2BBADFFC00900218 /* FollowerCell.swift */,
			);
			path = Cells;
			sourceTree = "<group>";
		};
/* End PBXGroup section */

/* Begin PBXNativeTarget section */
		0D47AB402BB2F05000900218 /* GHFollowers */ = {
			isa = PBXNativeTarget;
			buildConfigurationList = 0D47AB552BB2F05100900218 /* Build configuration list for PBXNativeTarget "GHFollowers" */;
			buildPhases = (
				0D47AB3D2BB2F05000900218 /* Sources */,
				0D47AB3E2BB2F05000900218 /* Frameworks */,
				0D47AB3F2BB2F05000900218 /* Resources */,
			);
			buildRules = (
			);
			dependencies = (
			);
			name = GHFollowers;
			productName = GHFollowers;
			productReference = 0D47AB412BB2F05000900218 /* GHFollowers.app */;
			productType = "com.apple.product-type.application";
		};
/* End PBXNativeTarget section */

/* Begin PBXProject section */
		0D47AB392BB2F04F00900218 /* Project object */ = {
			isa = PBXProject;
			attributes = {
				BuildIndependentTargetsInParallel = 1;
				LastSwiftUpdateCheck = 1520;
				LastUpgradeCheck = 1520;
				TargetAttributes = {
					0D47AB402BB2F05000900218 = {
						CreatedOnToolsVersion = 15.2;
					};
				};
			};
			buildConfigurationList = 0D47AB3C2BB2F04F00900218 /* Build configuration list for PBXProject "GHFollowers" */;
			compatibilityVersion = "Xcode 14.0";
			developmentRegion = en;
			hasScannedForEncodings = 0;
			knownRegions = (
				en,
				Base,
			);
			mainGroup = 0D47AB382BB2F04F00900218;
			productRefGroup = 0D47AB422BB2F05000900218 /* Products */;
			projectDirPath = "";
			projectRoot = "";
			targets = (
				0D47AB402BB2F05000900218 /* GHFollowers */,
			);
		};
/* End PBXProject section */

/* Begin PBXResourcesBuildPhase section */
		0D47AB3F2BB2F05000900218 /* Resources */ = {
			isa = PBXResourcesBuildPhase;
			buildActionMask = 2147483647;
			files = (
				0D47AB512BB2F05100900218 /* LaunchScreen.storyboard in Resources */,
				0D47AB4E2BB2F05100900218 /* Assets.xcassets in Resources */,
			);
			runOnlyForDeploymentPostprocessing = 0;
		};
/* End PBXResourcesBuildPhase section */

/* Begin PBXSourcesBuildPhase section */
		0D47AB3D2BB2F05000900218 /* Sources */ = {
			isa = PBXSourcesBuildPhase;
			buildActionMask = 2147483647;
			files = (
				0D47AB742BB594F100900218 /* User.swift in Sources */,
				0D47AB5F2BB42B7600900218 /* GFTextField.swift in Sources */,
				0D47AB5B2BB2FCA900900218 /* FavoritesListVC.swift in Sources */,
				0D47AB5D2BB4275F00900218 /* GFButton.swift in Sources */,
				0D47AB692BB4A0B400900218 /* UIViewController+Ext.swift in Sources */,
				0D47AB812BBAE1AA00900218 /* GFAvatarImageView.swift in Sources */,
				0D47AB592BB2FC6900900218 /* SearchVC.swift in Sources */,
				0D47AB672BB451EB00900218 /* GFAlertVC.swift in Sources */,
				0D47AB7F2BBADFFC00900218 /* FollowerCell.swift in Sources */,
				0D47AB7C2BBAC2BF00900218 /* ErrorMessage.swift in Sources */,
				0D47AB652BB4512700900218 /* GFBodyLabel.swift in Sources */,
				0D47AB722BB5938300900218 /* Follower.swift in Sources */,
				0D47AB632BB44FD300900218 /* GFTitleLabel.swift in Sources */,
				0D47AB772BB5B2C100900218 /* NetworkManager.swift in Sources */,
				0D47AB452BB2F05000900218 /* AppDelegate.swift in Sources */,
				0D47AB472BB2F05000900218 /* SceneDelegate.swift in Sources */,
				0D47AB612BB442E200900218 /* FollewersListVC.swift in Sources */,
			);
			runOnlyForDeploymentPostprocessing = 0;
		};
/* End PBXSourcesBuildPhase section */

/* Begin PBXVariantGroup section */
		0D47AB4F2BB2F05100900218 /* LaunchScreen.storyboard */ = {
			isa = PBXVariantGroup;
			children = (
				0D47AB502BB2F05100900218 /* Base */,
			);
			name = LaunchScreen.storyboard;
			sourceTree = "<group>";
		};
/* End PBXVariantGroup section */

/* Begin XCBuildConfiguration section */
		0D47AB532BB2F05100900218 /* Debug */ = {
			isa = XCBuildConfiguration;
			buildSettings = {
				ALWAYS_SEARCH_USER_PATHS = NO;
				ASSETCATALOG_COMPILER_GENERATE_SWIFT_ASSET_SYMBOL_EXTENSIONS = YES;
				CLANG_ANALYZER_NONNULL = YES;
				CLANG_ANALYZER_NUMBER_OBJECT_CONVERSION = YES_AGGRESSIVE;
				CLANG_CXX_LANGUAGE_STANDARD = "gnu++20";
				CLANG_ENABLE_MODULES = YES;
				CLANG_ENABLE_OBJC_ARC = YES;
				CLANG_ENABLE_OBJC_WEAK = YES;
				CLANG_WARN_BLOCK_CAPTURE_AUTORELEASING = YES;
				CLANG_WARN_BOOL_CONVERSION = YES;
				CLANG_WARN_COMMA = YES;
				CLANG_WARN_CONSTANT_CONVERSION = YES;
				CLANG_WARN_DEPRECATED_OBJC_IMPLEMENTATIONS = YES;
				CLANG_WARN_DIRECT_OBJC_ISA_USAGE = YES_ERROR;
				CLANG_WARN_DOCUMENTATION_COMMENTS = YES;
				CLANG_WARN_EMPTY_BODY = YES;
				CLANG_WARN_ENUM_CONVERSION = YES;
				CLANG_WARN_INFINITE_RECURSION = YES;
				CLANG_WARN_INT_CONVERSION = YES;
				CLANG_WARN_NON_LITERAL_NULL_CONVERSION = YES;
				CLANG_WARN_OBJC_IMPLICIT_RETAIN_SELF = YES;
				CLANG_WARN_OBJC_LITERAL_CONVERSION = YES;
				CLANG_WARN_OBJC_ROOT_CLASS = YES_ERROR;
				CLANG_WARN_QUOTED_INCLUDE_IN_FRAMEWORK_HEADER = YES;
				CLANG_WARN_RANGE_LOOP_ANALYSIS = YES;
				CLANG_WARN_STRICT_PROTOTYPES = YES;
				CLANG_WARN_SUSPICIOUS_MOVE = YES;
				CLANG_WARN_UNGUARDED_AVAILABILITY = YES_AGGRESSIVE;
				CLANG_WARN_UNREACHABLE_CODE = YES;
				CLANG_WARN__DUPLICATE_METHOD_MATCH = YES;
				COPY_PHASE_STRIP = NO;
				DEBUG_INFORMATION_FORMAT = dwarf;
				ENABLE_STRICT_OBJC_MSGSEND = YES;
				ENABLE_TESTABILITY = YES;
				ENABLE_USER_SCRIPT_SANDBOXING = YES;
				GCC_C_LANGUAGE_STANDARD = gnu17;
				GCC_DYNAMIC_NO_PIC = NO;
				GCC_NO_COMMON_BLOCKS = YES;
				GCC_OPTIMIZATION_LEVEL = 0;
				GCC_PREPROCESSOR_DEFINITIONS = (
					"DEBUG=1",
					"$(inherited)",
				);
				GCC_WARN_64_TO_32_BIT_CONVERSION = YES;
				GCC_WARN_ABOUT_RETURN_TYPE = YES_ERROR;
				GCC_WARN_UNDECLARED_SELECTOR = YES;
				GCC_WARN_UNINITIALIZED_AUTOS = YES_AGGRESSIVE;
				GCC_WARN_UNUSED_FUNCTION = YES;
				GCC_WARN_UNUSED_VARIABLE = YES;
				IPHONEOS_DEPLOYMENT_TARGET = 17.2;
				LOCALIZATION_PREFERS_STRING_CATALOGS = YES;
				MTL_ENABLE_DEBUG_INFO = INCLUDE_SOURCE;
				MTL_FAST_MATH = YES;
				ONLY_ACTIVE_ARCH = YES;
				SDKROOT = iphoneos;
				SWIFT_ACTIVE_COMPILATION_CONDITIONS = "DEBUG $(inherited)";
				SWIFT_OPTIMIZATION_LEVEL = "-Onone";
			};
			name = Debug;
		};
		0D47AB542BB2F05100900218 /* Release */ = {
			isa = XCBuildConfiguration;
			buildSettings = {
				ALWAYS_SEARCH_USER_PATHS = NO;
				ASSETCATALOG_COMPILER_GENERATE_SWIFT_ASSET_SYMBOL_EXTENSIONS = YES;
				CLANG_ANALYZER_NONNULL = YES;
				CLANG_ANALYZER_NUMBER_OBJECT_CONVERSION = YES_AGGRESSIVE;
				CLANG_CXX_LANGUAGE_STANDARD = "gnu++20";
				CLANG_ENABLE_MODULES = YES;
				CLANG_ENABLE_OBJC_ARC = YES;
				CLANG_ENABLE_OBJC_WEAK = YES;
				CLANG_WARN_BLOCK_CAPTURE_AUTORELEASING = YES;
				CLANG_WARN_BOOL_CONVERSION = YES;
				CLANG_WARN_COMMA = YES;
				CLANG_WARN_CONSTANT_CONVERSION = YES;
				CLANG_WARN_DEPRECATED_OBJC_IMPLEMENTATIONS = YES;
				CLANG_WARN_DIRECT_OBJC_ISA_USAGE = YES_ERROR;
				CLANG_WARN_DOCUMENTATION_COMMENTS = YES;
				CLANG_WARN_EMPTY_BODY = YES;
				CLANG_WARN_ENUM_CONVERSION = YES;
				CLANG_WARN_INFINITE_RECURSION = YES;
				CLANG_WARN_INT_CONVERSION = YES;
				CLANG_WARN_NON_LITERAL_NULL_CONVERSION = YES;
				CLANG_WARN_OBJC_IMPLICIT_RETAIN_SELF = YES;
				CLANG_WARN_OBJC_LITERAL_CONVERSION = YES;
				CLANG_WARN_OBJC_ROOT_CLASS = YES_ERROR;
				CLANG_WARN_QUOTED_INCLUDE_IN_FRAMEWORK_HEADER = YES;
				CLANG_WARN_RANGE_LOOP_ANALYSIS = YES;
				CLANG_WARN_STRICT_PROTOTYPES = YES;
				CLANG_WARN_SUSPICIOUS_MOVE = YES;
				CLANG_WARN_UNGUARDED_AVAILABILITY = YES_AGGRESSIVE;
				CLANG_WARN_UNREACHABLE_CODE = YES;
				CLANG_WARN__DUPLICATE_METHOD_MATCH = YES;
				COPY_PHASE_STRIP = NO;
				DEBUG_INFORMATION_FORMAT = "dwarf-with-dsym";
				ENABLE_NS_ASSERTIONS = NO;
				ENABLE_STRICT_OBJC_MSGSEND = YES;
				ENABLE_USER_SCRIPT_SANDBOXING = YES;
				GCC_C_LANGUAGE_STANDARD = gnu17;
				GCC_NO_COMMON_BLOCKS = YES;
				GCC_WARN_64_TO_32_BIT_CONVERSION = YES;
				GCC_WARN_ABOUT_RETURN_TYPE = YES_ERROR;
				GCC_WARN_UNDECLARED_SELECTOR = YES;
				GCC_WARN_UNINITIALIZED_AUTOS = YES_AGGRESSIVE;
				GCC_WARN_UNUSED_FUNCTION = YES;
				GCC_WARN_UNUSED_VARIABLE = YES;
				IPHONEOS_DEPLOYMENT_TARGET = 17.2;
				LOCALIZATION_PREFERS_STRING_CATALOGS = YES;
				MTL_ENABLE_DEBUG_INFO = NO;
				MTL_FAST_MATH = YES;
				SDKROOT = iphoneos;
				SWIFT_COMPILATION_MODE = wholemodule;
				VALIDATE_PRODUCT = YES;
			};
			name = Release;
		};
		0D47AB562BB2F05100900218 /* Debug */ = {
			isa = XCBuildConfiguration;
			buildSettings = {
				ASSETCATALOG_COMPILER_APPICON_NAME = AppIcon;
				ASSETCATALOG_COMPILER_GLOBAL_ACCENT_COLOR_NAME = AccentColor;
				CODE_SIGN_STYLE = Automatic;
				CURRENT_PROJECT_VERSION = 1;
				GENERATE_INFOPLIST_FILE = YES;
				INFOPLIST_FILE = GHFollowers/Info.plist;
				INFOPLIST_KEY_UIApplicationSupportsIndirectInputEvents = YES;
				INFOPLIST_KEY_UILaunchStoryboardName = LaunchScreen;
				INFOPLIST_KEY_UIStatusBarStyle = "";
				INFOPLIST_KEY_UISupportedInterfaceOrientations = UIInterfaceOrientationPortrait;
				INFOPLIST_KEY_UISupportedInterfaceOrientations_iPad = "UIInterfaceOrientationLandscapeLeft UIInterfaceOrientationLandscapeRight UIInterfaceOrientationPortrait UIInterfaceOrientationPortraitUpsideDown";
				LD_RUNPATH_SEARCH_PATHS = (
					"$(inherited)",
					"@executable_path/Frameworks",
				);
				MARKETING_VERSION = 1.0;
				PRODUCT_BUNDLE_IDENTIFIER = com.nurovic.GHFollowers;
				PRODUCT_NAME = "$(TARGET_NAME)";
				SWIFT_EMIT_LOC_STRINGS = YES;
				SWIFT_VERSION = 5.0;
				TARGETED_DEVICE_FAMILY = "1,2";
			};
			name = Debug;
		};
		0D47AB572BB2F05100900218 /* Release */ = {
			isa = XCBuildConfiguration;
			buildSettings = {
				ASSETCATALOG_COMPILER_APPICON_NAME = AppIcon;
				ASSETCATALOG_COMPILER_GLOBAL_ACCENT_COLOR_NAME = AccentColor;
				CODE_SIGN_STYLE = Automatic;
				CURRENT_PROJECT_VERSION = 1;
				GENERATE_INFOPLIST_FILE = YES;
				INFOPLIST_FILE = GHFollowers/Info.plist;
				INFOPLIST_KEY_UIApplicationSupportsIndirectInputEvents = YES;
				INFOPLIST_KEY_UILaunchStoryboardName = LaunchScreen;
				INFOPLIST_KEY_UIStatusBarStyle = "";
				INFOPLIST_KEY_UISupportedInterfaceOrientations = UIInterfaceOrientationPortrait;
				INFOPLIST_KEY_UISupportedInterfaceOrientations_iPad = "UIInterfaceOrientationLandscapeLeft UIInterfaceOrientationLandscapeRight UIInterfaceOrientationPortrait UIInterfaceOrientationPortraitUpsideDown";
				LD_RUNPATH_SEARCH_PATHS = (
					"$(inherited)",
					"@executable_path/Frameworks",
				);
				MARKETING_VERSION = 1.0;
				PRODUCT_BUNDLE_IDENTIFIER = com.nurovic.GHFollowers;
				PRODUCT_NAME = "$(TARGET_NAME)";
				SWIFT_EMIT_LOC_STRINGS = YES;
				SWIFT_VERSION = 5.0;
				TARGETED_DEVICE_FAMILY = "1,2";
			};
			name = Release;
		};
/* End XCBuildConfiguration section */

/* Begin XCConfigurationList section */
		0D47AB3C2BB2F04F00900218 /* Build configuration list for PBXProject "GHFollowers" */ = {
			isa = XCConfigurationList;
			buildConfigurations = (
				0D47AB532BB2F05100900218 /* Debug */,
				0D47AB542BB2F05100900218 /* Release */,
			);
			defaultConfigurationIsVisible = 0;
			defaultConfigurationName = Release;
		};
		0D47AB552BB2F05100900218 /* Build configuration list for PBXNativeTarget "GHFollowers" */ = {
			isa = XCConfigurationList;
			buildConfigurations = (
				0D47AB562BB2F05100900218 /* Debug */,
				0D47AB572BB2F05100900218 /* Release */,
			);
			defaultConfigurationIsVisible = 0;
			defaultConfigurationName = Release;
		};
/* End XCConfigurationList section */
	};
	rootObject = 0D47AB392BB2F04F00900218 /* Project object */;
}
